
Microsoft Visual Studio Solution File, Format Version 12.00
# Visual Studio Version 16
VisualStudioVersion = 16.0.29728.190
MinimumVisualStudioVersion = 10.0.40219.1
Project("{FAE04EC0-301F-11D3-BF4B-00C04F79EFBC}") = "BowlingScoringLog", "BowlingScoringLog\BowlingScoringLog.csproj", "{46268681-853B-4D37-A8C5-D2E6926B18E2}"
EndProject
Global
	GlobalSection(SolutionConfigurationPlatforms) = preSolution
		Debug|Any CPU = Debug|Any CPU
		Release|Any CPU = Release|Any CPU
	EndGlobalSection
	GlobalSection(ProjectConfigurationPlatforms) = postSolution
		{46268681-853B-4D37-A8C5-D2E6926B18E2}.Debug|Any CPU.ActiveCfg = Debug|Any CPU
		{46268681-853B-4D37-A8C5-D2E6926B18E2}.Debug|Any CPU.Build.0 = Debug|Any CPU
		{46268681-853B-4D37-A8C5-D2E6926B18E2}.Release|Any CPU.ActiveCfg = Release|Any CPU
		{46268681-853B-4D37-A8C5-D2E6926B18E2}.Release|Any CPU.Build.0 = Release|Any CPU
	EndGlobalSection
	GlobalSection(SolutionProperties) = preSolution
		HideSolutionNode = FALSE
	EndGlobalSection
	GlobalSection(ExtensibilityGlobals) = postSolution
		SolutionGuid = {A4E76426-9A95-449B-A1A5-20361E9C2C3E}
	EndGlobalSection
EndGlobal
